
Microsoft Visual Studio Solution File, Format Version 12.00
# Visual Studio 15
VisualStudioVersion = 15.0.26403.7
MinimumVisualStudioVersion = 10.0.40219.1
Project("{FAE04EC0-301F-11D3-BF4B-00C04F79EFBC}") = "SuomenkieliWebsite", "SuomenkieliWebsite\SuomenkieliWebsite.csproj", "{254FB464-AC00-429B-A99C-5808157E302B}"
EndProject
Project("{9A19103F-16F7-4668-BE54-9A1E7A4F7556}") = "Suomenkieli2", "..\Suomenkieli2\Suomenkieli2.csproj", "{E6A513DF-551B-4F99-B58B-51EAD6F30C50}"
EndProject
Project("{FAE04EC0-301F-11D3-BF4B-00C04F79EFBC}") = "Sk2Services", "sk2Services\Sk2Services.csproj", "{AE8746D2-4147-46A4-AE10-4BA49B776562}"
EndProject
Project("{FAE04EC0-301F-11D3-BF4B-00C04F79EFBC}") = "DBTests", "DBTests\DBTests.csproj", "{EB5A7998-EED2-49AC-9DC5-A423BE1C00FD}"
EndProject
Global
	GlobalSection(SolutionConfigurationPlatforms) = preSolution
		Debug|Any CPU = Debug|Any CPU
		Release|Any CPU = Release|Any CPU
		WebDeploy|Any CPU = WebDeploy|Any CPU
	EndGlobalSection
	GlobalSection(ProjectConfigurationPlatforms) = postSolution
		{254FB464-AC00-429B-A99C-5808157E302B}.Debug|Any CPU.ActiveCfg = Debug|Any CPU
		{254FB464-AC00-429B-A99C-5808157E302B}.Debug|Any CPU.Build.0 = Debug|Any CPU
		{254FB464-AC00-429B-A99C-5808157E302B}.Release|Any CPU.ActiveCfg = Release|Any CPU
		{254FB464-AC00-429B-A99C-5808157E302B}.Release|Any CPU.Build.0 = Release|Any CPU
		{254FB464-AC00-429B-A99C-5808157E302B}.WebDeploy|Any CPU.ActiveCfg = Debug|Any CPU
		{254FB464-AC00-429B-A99C-5808157E302B}.WebDeploy|Any CPU.Build.0 = Debug|Any CPU
		{E6A513DF-551B-4F99-B58B-51EAD6F30C50}.Debug|Any CPU.ActiveCfg = Debug|Any CPU
		{E6A513DF-551B-4F99-B58B-51EAD6F30C50}.Debug|Any CPU.Build.0 = Debug|Any CPU
		{E6A513DF-551B-4F99-B58B-51EAD6F30C50}.Release|Any CPU.ActiveCfg = Release|Any CPU
		{E6A513DF-551B-4F99-B58B-51EAD6F30C50}.Release|Any CPU.Build.0 = Release|Any CPU
		{E6A513DF-551B-4F99-B58B-51EAD6F30C50}.WebDeploy|Any CPU.ActiveCfg = Debug|Any CPU
		{E6A513DF-551B-4F99-B58B-51EAD6F30C50}.WebDeploy|Any CPU.Build.0 = Debug|Any CPU
		{AE8746D2-4147-46A4-AE10-4BA49B776562}.Debug|Any CPU.ActiveCfg = Debug|Any CPU
		{AE8746D2-4147-46A4-AE10-4BA49B776562}.Debug|Any CPU.Build.0 = Debug|Any CPU
		{AE8746D2-4147-46A4-AE10-4BA49B776562}.Release|Any CPU.ActiveCfg = Release|Any CPU
		{AE8746D2-4147-46A4-AE10-4BA49B776562}.Release|Any CPU.Build.0 = Release|Any CPU
		{AE8746D2-4147-46A4-AE10-4BA49B776562}.WebDeploy|Any CPU.ActiveCfg = Release|Any CPU
		{AE8746D2-4147-46A4-AE10-4BA49B776562}.WebDeploy|Any CPU.Build.0 = Release|Any CPU
		{EB5A7998-EED2-49AC-9DC5-A423BE1C00FD}.Debug|Any CPU.ActiveCfg = Debug|Any CPU
		{EB5A7998-EED2-49AC-9DC5-A423BE1C00FD}.Debug|Any CPU.Build.0 = Debug|Any CPU
		{EB5A7998-EED2-49AC-9DC5-A423BE1C00FD}.Release|Any CPU.ActiveCfg = Release|Any CPU
		{EB5A7998-EED2-49AC-9DC5-A423BE1C00FD}.Release|Any CPU.Build.0 = Release|Any CPU
		{EB5A7998-EED2-49AC-9DC5-A423BE1C00FD}.WebDeploy|Any CPU.ActiveCfg = Release|Any CPU
		{EB5A7998-EED2-49AC-9DC5-A423BE1C00FD}.WebDeploy|Any CPU.Build.0 = Release|Any CPU
	EndGlobalSection
	GlobalSection(SolutionProperties) = preSolution
		HideSolutionNode = FALSE
	EndGlobalSection
EndGlobal
